
Microsoft Visual Studio Solution File, Format Version 12.00
# Visual Studio Version 17
VisualStudioVersion = 17.9.34902.65
MinimumVisualStudioVersion = 10.0.40219.1
Project("{FAE04EC0-301F-11D3-BF4B-00C04F79EFBC}") = "OTSServer", "OTSServer\OTSServer\OTSServer.csproj", "{B49007CC-F32A-47DF-AB88-28AC9EE4B0B7}"
EndProject
Project("{FAE04EC0-301F-11D3-BF4B-00C04F79EFBC}") = "OTSServer.Client", "OTSServer\OTSServer.Client\OTSServer.Client.csproj", "{02553BBA-3BCB-4EEC-A34F-9D15495A148F}"
EndProject
Project("{FAE04EC0-301F-11D3-BF4B-00C04F79EFBC}") = "OTSCommon", "OTSCommon\OTSCommon.csproj", "{448B63F3-3023-45AB-8BFB-849DE8399707}"
EndProject
Project("{FAE04EC0-301F-11D3-BF4B-00C04F79EFBC}") = "OTSTests", "OTSTests\OTSTests.csproj", "{760AAF21-B674-4FAC-BD42-A891E75AB09C}"
EndProject
Global
	GlobalSection(SolutionConfigurationPlatforms) = preSolution
		Debug|Any CPU = Debug|Any CPU
		Release|Any CPU = Release|Any CPU
	EndGlobalSection
	GlobalSection(ProjectConfigurationPlatforms) = postSolution
		{B49007CC-F32A-47DF-AB88-28AC9EE4B0B7}.Debug|Any CPU.ActiveCfg = Debug|Any CPU
		{B49007CC-F32A-47DF-AB88-28AC9EE4B0B7}.Debug|Any CPU.Build.0 = Debug|Any CPU
		{B49007CC-F32A-47DF-AB88-28AC9EE4B0B7}.Release|Any CPU.ActiveCfg = Release|Any CPU
		{B49007CC-F32A-47DF-AB88-28AC9EE4B0B7}.Release|Any CPU.Build.0 = Release|Any CPU
		{02553BBA-3BCB-4EEC-A34F-9D15495A148F}.Debug|Any CPU.ActiveCfg = Debug|Any CPU
		{02553BBA-3BCB-4EEC-A34F-9D15495A148F}.Debug|Any CPU.Build.0 = Debug|Any CPU
		{02553BBA-3BCB-4EEC-A34F-9D15495A148F}.Release|Any CPU.ActiveCfg = Release|Any CPU
		{02553BBA-3BCB-4EEC-A34F-9D15495A148F}.Release|Any CPU.Build.0 = Release|Any CPU
		{448B63F3-3023-45AB-8BFB-849DE8399707}.Debug|Any CPU.ActiveCfg = Debug|Any CPU
		{448B63F3-3023-45AB-8BFB-849DE8399707}.Debug|Any CPU.Build.0 = Debug|Any CPU
		{448B63F3-3023-45AB-8BFB-849DE8399707}.Release|Any CPU.ActiveCfg = Release|Any CPU
		{448B63F3-3023-45AB-8BFB-849DE8399707}.Release|Any CPU.Build.0 = Release|Any CPU
		{760AAF21-B674-4FAC-BD42-A891E75AB09C}.Debug|Any CPU.ActiveCfg = Debug|Any CPU
		{760AAF21-B674-4FAC-BD42-A891E75AB09C}.Debug|Any CPU.Build.0 = Debug|Any CPU
		{760AAF21-B674-4FAC-BD42-A891E75AB09C}.Release|Any CPU.ActiveCfg = Release|Any CPU
		{760AAF21-B674-4FAC-BD42-A891E75AB09C}.Release|Any CPU.Build.0 = Release|Any CPU
	EndGlobalSection
	GlobalSection(SolutionProperties) = preSolution
		HideSolutionNode = FALSE
	EndGlobalSection
	GlobalSection(ExtensibilityGlobals) = postSolution
		SolutionGuid = {77202226-382A-42C8-8C62-247AF501ADEE}
	EndGlobalSection
EndGlobal
