
Microsoft Visual Studio Solution File, Format Version 12.00
# Visual Studio Version 17
VisualStudioVersion = 17.9.34902.65
MinimumVisualStudioVersion = 10.0.40219.1
Project("{9A19103F-16F7-4668-BE54-9A1E7A4F7556}") = "OTSServer", "OTSServer\OTSServer\OTSServer.csproj", "{B49007CC-F32A-47DF-AB88-28AC9EE4B0B7}"
EndProject
Project("{9A19103F-16F7-4668-BE54-9A1E7A4F7556}") = "OTSServer.Client", "OTSServer\OTSServer.Client\OTSServer.Client.csproj", "{02553BBA-3BCB-4EEC-A34F-9D15495A148F}"
EndProject
Project("{9A19103F-16F7-4668-BE54-9A1E7A4F7556}") = "OTSCommon", "OTSCommon\OTSCommon.csproj", "{448B63F3-3023-45AB-8BFB-849DE8399707}"
EndProject
Project("{9A19103F-16F7-4668-BE54-9A1E7A4F7556}") = "OTSTests", "OTSTests\OTSTests.csproj", "{760AAF21-B674-4FAC-BD42-A891E75AB09C}"
EndProject
Project("{2150E333-8FDC-42A3-9474-1A3956D46DE8}") = "Libraries", "Libraries", "{FBD3E708-DD4D-42A8-991A-302D1B64EC04}"
EndProject
Project("{9A19103F-16F7-4668-BE54-9A1E7A4F7556}") = "OTSSDK", "OTSSDK\OTSSDK.csproj", "{DEEBE6BF-DE96-48A2-B313-977E3E2088A0}"
EndProject
Project("{9A19103F-16F7-4668-BE54-9A1E7A4F7556}") = "OTSStdLibDeviceInfo", "OTSDeviceInfo\OTSStdLibDeviceInfo.csproj", "{5EFDE7C6-FD75-4260-BF65-C31F77E13FE1}"
EndProject
Project("{9A19103F-16F7-4668-BE54-9A1E7A4F7556}") = "OTSStdMath", "OTSPluginMath\OTSStdMath.csproj", "{478BFE49-F08F-45FE-A1AE-D76AF0CF8C21}"
EndProject
Project("{9A19103F-16F7-4668-BE54-9A1E7A4F7556}") = "OTSStdProvider", "OTSStdProvider\OTSStdProvider.csproj", "{4D9D8909-A306-4C24-B2C5-8695950A649C}"
	ProjectSection(ProjectDependencies) = postProject
		{DEEBE6BF-DE96-48A2-B313-977E3E2088A0} = {DEEBE6BF-DE96-48A2-B313-977E3E2088A0}
	EndProjectSection
EndProject
Project("{9A19103F-16F7-4668-BE54-9A1E7A4F7556}") = "OTSStdMonitor", "OTSStdMonitor\OTSStdMonitor.csproj", "{5503F185-4261-41EA-A212-EEE358BC815E}"
EndProject
Project("{9A19103F-16F7-4668-BE54-9A1E7A4F7556}") = "OTSStdLogic", "OTSStdLogic\OTSStdLogic.csproj", "{50E00581-AC3B-41BE-AAE7-F03E79107DC3}"
EndProject
Project("{9A19103F-16F7-4668-BE54-9A1E7A4F7556}") = "OTSRunner", "OTSRunner\OTSRunner.csproj", "{2883DA50-ED00-4B17-9C6C-DB0BD4498274}"
EndProject
Project("{2150E333-8FDC-42A3-9474-1A3956D46DE8}") = "Solution Items", "Solution Items", "{B832E5C8-4170-4075-9991-FDFF6F0D626A}"
	ProjectSection(SolutionItems) = preProject
		copyPlugins.ps1 = copyPlugins.ps1
	EndProjectSection
EndProject
Global
	GlobalSection(SolutionConfigurationPlatforms) = preSolution
		Debug|Any CPU = Debug|Any CPU
		Release|Any CPU = Release|Any CPU
	EndGlobalSection
	GlobalSection(ProjectConfigurationPlatforms) = postSolution
		{B49007CC-F32A-47DF-AB88-28AC9EE4B0B7}.Debug|Any CPU.ActiveCfg = Debug|Any CPU
		{B49007CC-F32A-47DF-AB88-28AC9EE4B0B7}.Debug|Any CPU.Build.0 = Debug|Any CPU
		{B49007CC-F32A-47DF-AB88-28AC9EE4B0B7}.Release|Any CPU.ActiveCfg = Release|Any CPU
		{B49007CC-F32A-47DF-AB88-28AC9EE4B0B7}.Release|Any CPU.Build.0 = Release|Any CPU
		{02553BBA-3BCB-4EEC-A34F-9D15495A148F}.Debug|Any CPU.ActiveCfg = Debug|Any CPU
		{02553BBA-3BCB-4EEC-A34F-9D15495A148F}.Debug|Any CPU.Build.0 = Debug|Any CPU
		{02553BBA-3BCB-4EEC-A34F-9D15495A148F}.Release|Any CPU.ActiveCfg = Release|Any CPU
		{02553BBA-3BCB-4EEC-A34F-9D15495A148F}.Release|Any CPU.Build.0 = Release|Any CPU
		{448B63F3-3023-45AB-8BFB-849DE8399707}.Debug|Any CPU.ActiveCfg = Debug|Any CPU
		{448B63F3-3023-45AB-8BFB-849DE8399707}.Debug|Any CPU.Build.0 = Debug|Any CPU
		{448B63F3-3023-45AB-8BFB-849DE8399707}.Release|Any CPU.ActiveCfg = Release|Any CPU
		{448B63F3-3023-45AB-8BFB-849DE8399707}.Release|Any CPU.Build.0 = Release|Any CPU
		{760AAF21-B674-4FAC-BD42-A891E75AB09C}.Debug|Any CPU.ActiveCfg = Debug|Any CPU
		{760AAF21-B674-4FAC-BD42-A891E75AB09C}.Debug|Any CPU.Build.0 = Debug|Any CPU
		{760AAF21-B674-4FAC-BD42-A891E75AB09C}.Release|Any CPU.ActiveCfg = Release|Any CPU
		{760AAF21-B674-4FAC-BD42-A891E75AB09C}.Release|Any CPU.Build.0 = Release|Any CPU
		{DEEBE6BF-DE96-48A2-B313-977E3E2088A0}.Debug|Any CPU.ActiveCfg = Debug|Any CPU
		{DEEBE6BF-DE96-48A2-B313-977E3E2088A0}.Debug|Any CPU.Build.0 = Debug|Any CPU
		{DEEBE6BF-DE96-48A2-B313-977E3E2088A0}.Release|Any CPU.ActiveCfg = Release|Any CPU
		{DEEBE6BF-DE96-48A2-B313-977E3E2088A0}.Release|Any CPU.Build.0 = Release|Any CPU
		{5EFDE7C6-FD75-4260-BF65-C31F77E13FE1}.Debug|Any CPU.ActiveCfg = Debug|Any CPU
		{5EFDE7C6-FD75-4260-BF65-C31F77E13FE1}.Debug|Any CPU.Build.0 = Debug|Any CPU
		{5EFDE7C6-FD75-4260-BF65-C31F77E13FE1}.Release|Any CPU.ActiveCfg = Release|Any CPU
		{5EFDE7C6-FD75-4260-BF65-C31F77E13FE1}.Release|Any CPU.Build.0 = Release|Any CPU
		{478BFE49-F08F-45FE-A1AE-D76AF0CF8C21}.Debug|Any CPU.ActiveCfg = Debug|Any CPU
		{478BFE49-F08F-45FE-A1AE-D76AF0CF8C21}.Debug|Any CPU.Build.0 = Debug|Any CPU
		{478BFE49-F08F-45FE-A1AE-D76AF0CF8C21}.Release|Any CPU.ActiveCfg = Release|Any CPU
		{478BFE49-F08F-45FE-A1AE-D76AF0CF8C21}.Release|Any CPU.Build.0 = Release|Any CPU
		{4D9D8909-A306-4C24-B2C5-8695950A649C}.Debug|Any CPU.ActiveCfg = Debug|Any CPU
		{4D9D8909-A306-4C24-B2C5-8695950A649C}.Debug|Any CPU.Build.0 = Debug|Any CPU
		{4D9D8909-A306-4C24-B2C5-8695950A649C}.Release|Any CPU.ActiveCfg = Release|Any CPU
		{4D9D8909-A306-4C24-B2C5-8695950A649C}.Release|Any CPU.Build.0 = Release|Any CPU
		{5503F185-4261-41EA-A212-EEE358BC815E}.Debug|Any CPU.ActiveCfg = Debug|Any CPU
		{5503F185-4261-41EA-A212-EEE358BC815E}.Debug|Any CPU.Build.0 = Debug|Any CPU
		{5503F185-4261-41EA-A212-EEE358BC815E}.Release|Any CPU.ActiveCfg = Release|Any CPU
		{5503F185-4261-41EA-A212-EEE358BC815E}.Release|Any CPU.Build.0 = Release|Any CPU
		{50E00581-AC3B-41BE-AAE7-F03E79107DC3}.Debug|Any CPU.ActiveCfg = Debug|Any CPU
		{50E00581-AC3B-41BE-AAE7-F03E79107DC3}.Debug|Any CPU.Build.0 = Debug|Any CPU
		{50E00581-AC3B-41BE-AAE7-F03E79107DC3}.Release|Any CPU.ActiveCfg = Release|Any CPU
		{50E00581-AC3B-41BE-AAE7-F03E79107DC3}.Release|Any CPU.Build.0 = Release|Any CPU
		{2883DA50-ED00-4B17-9C6C-DB0BD4498274}.Debug|Any CPU.ActiveCfg = Debug|Any CPU
		{2883DA50-ED00-4B17-9C6C-DB0BD4498274}.Debug|Any CPU.Build.0 = Debug|Any CPU
		{2883DA50-ED00-4B17-9C6C-DB0BD4498274}.Release|Any CPU.ActiveCfg = Release|Any CPU
		{2883DA50-ED00-4B17-9C6C-DB0BD4498274}.Release|Any CPU.Build.0 = Release|Any CPU
	EndGlobalSection
	GlobalSection(SolutionProperties) = preSolution
		HideSolutionNode = FALSE
	EndGlobalSection
	GlobalSection(NestedProjects) = preSolution
		{5EFDE7C6-FD75-4260-BF65-C31F77E13FE1} = {FBD3E708-DD4D-42A8-991A-302D1B64EC04}
		{478BFE49-F08F-45FE-A1AE-D76AF0CF8C21} = {FBD3E708-DD4D-42A8-991A-302D1B64EC04}
		{4D9D8909-A306-4C24-B2C5-8695950A649C} = {FBD3E708-DD4D-42A8-991A-302D1B64EC04}
		{5503F185-4261-41EA-A212-EEE358BC815E} = {FBD3E708-DD4D-42A8-991A-302D1B64EC04}
		{50E00581-AC3B-41BE-AAE7-F03E79107DC3} = {FBD3E708-DD4D-42A8-991A-302D1B64EC04}
	EndGlobalSection
	GlobalSection(ExtensibilityGlobals) = postSolution
		SolutionGuid = {77202226-382A-42C8-8C62-247AF501ADEE}
	EndGlobalSection
EndGlobal
